// !$*UTF8*$!
{
	archiveVersion = 1;
	classes = {
	};
	objectVersion = 50;
	objects = {

/* Begin PBXBuildFile section */
		1804FD5C20CAC4A200778F81 /* AppDelegate.swift in Sources */ = {isa = PBXBuildFile; fileRef = 1804FD5B20CAC4A200778F81 /* AppDelegate.swift */; };
		1804FD5E20CAC4A200778F81 /* ViewController.swift in Sources */ = {isa = PBXBuildFile; fileRef = 1804FD5D20CAC4A200778F81 /* ViewController.swift */; };
		1804FD6120CAC4A200778F81 /* Main.storyboard in Resources */ = {isa = PBXBuildFile; fileRef = 1804FD5F20CAC4A200778F81 /* Main.storyboard */; };
		1804FD6320CAC4A200778F81 /* Assets.xcassets in Resources */ = {isa = PBXBuildFile; fileRef = 1804FD6220CAC4A200778F81 /* Assets.xcassets */; };
		1804FD6620CAC4A200778F81 /* LaunchScreen.storyboard in Resources */ = {isa = PBXBuildFile; fileRef = 1804FD6420CAC4A200778F81 /* LaunchScreen.storyboard */; };
		1804FD7120CAC4A200778F81 /* TwitterTimelineTests.swift in Sources */ = {isa = PBXBuildFile; fileRef = 1804FD7020CAC4A200778F81 /* TwitterTimelineTests.swift */; };
		1804FD7C20CAC4A200778F81 /* TwitterTimelineUITests.swift in Sources */ = {isa = PBXBuildFile; fileRef = 1804FD7B20CAC4A200778F81 /* TwitterTimelineUITests.swift */; };
		1804FD8A20CAC55100778F81 /* Constants.swift in Sources */ = {isa = PBXBuildFile; fileRef = 1804FD8920CAC55100778F81 /* Constants.swift */; };
		49C7BD96BC905DB3809ED10E /* Pods_TwitterTimelineUITests.framework in Frameworks */ = {isa = PBXBuildFile; fileRef = B2B0700039EF6D4D9FCE81B7 /* Pods_TwitterTimelineUITests.framework */; };
		8F137C146BECDB136C19C588 /* Pods_TwitterTimelineTests.framework in Frameworks */ = {isa = PBXBuildFile; fileRef = 7141CAEF696603445598298C /* Pods_TwitterTimelineTests.framework */; };
		DC8398C68F4C4FBAA8BB4735 /* Pods_TwitterTimeline.framework in Frameworks */ = {isa = PBXBuildFile; fileRef = 91620A4330E3DA61138981DE /* Pods_TwitterTimeline.framework */; };
/* End PBXBuildFile section */

/* Begin PBXContainerItemProxy section */
		1804FD6D20CAC4A200778F81 /* PBXContainerItemProxy */ = {
			isa = PBXContainerItemProxy;
			containerPortal = 1804FD5020CAC4A200778F81 /* Project object */;
			proxyType = 1;
			remoteGlobalIDString = 1804FD5720CAC4A200778F81;
			remoteInfo = TwitterTimeline;
		};
		1804FD7820CAC4A200778F81 /* PBXContainerItemProxy */ = {
			isa = PBXContainerItemProxy;
			containerPortal = 1804FD5020CAC4A200778F81 /* Project object */;
			proxyType = 1;
			remoteGlobalIDString = 1804FD5720CAC4A200778F81;
			remoteInfo = TwitterTimeline;
		};
/* End PBXContainerItemProxy section */

/* Begin PBXFileReference section */
		1804FD5820CAC4A200778F81 /* TwitterTimeline.app */ = {isa = PBXFileReference; explicitFileType = wrapper.application; includeInIndex = 0; path = TwitterTimeline.app; sourceTree = BUILT_PRODUCTS_DIR; };
		1804FD5B20CAC4A200778F81 /* AppDelegate.swift */ = {isa = PBXFileReference; lastKnownFileType = sourcecode.swift; path = AppDelegate.swift; sourceTree = "<group>"; };
		1804FD5D20CAC4A200778F81 /* ViewController.swift */ = {isa = PBXFileReference; lastKnownFileType = sourcecode.swift; path = ViewController.swift; sourceTree = "<group>"; };
		1804FD6020CAC4A200778F81 /* Base */ = {isa = PBXFileReference; lastKnownFileType = file.storyboard; name = Base; path = Base.lproj/Main.storyboard; sourceTree = "<group>"; };
		1804FD6220CAC4A200778F81 /* Assets.xcassets */ = {isa = PBXFileReference; lastKnownFileType = folder.assetcatalog; path = Assets.xcassets; sourceTree = "<group>"; };
		1804FD6520CAC4A200778F81 /* Base */ = {isa = PBXFileReference; lastKnownFileType = file.storyboard; name = Base; path = Base.lproj/LaunchScreen.storyboard; sourceTree = "<group>"; };
		1804FD6720CAC4A200778F81 /* Info.plist */ = {isa = PBXFileReference; lastKnownFileType = text.plist.xml; path = Info.plist; sourceTree = "<group>"; };
		1804FD6C20CAC4A200778F81 /* TwitterTimelineTests.xctest */ = {isa = PBXFileReference; explicitFileType = wrapper.cfbundle; includeInIndex = 0; path = TwitterTimelineTests.xctest; sourceTree = BUILT_PRODUCTS_DIR; };
		1804FD7020CAC4A200778F81 /* TwitterTimelineTests.swift */ = {isa = PBXFileReference; lastKnownFileType = sourcecode.swift; path = TwitterTimelineTests.swift; sourceTree = "<group>"; };
		1804FD7220CAC4A200778F81 /* Info.plist */ = {isa = PBXFileReference; lastKnownFileType = text.plist.xml; path = Info.plist; sourceTree = "<group>"; };
		1804FD7720CAC4A200778F81 /* TwitterTimelineUITests.xctest */ = {isa = PBXFileReference; explicitFileType = wrapper.cfbundle; includeInIndex = 0; path = TwitterTimelineUITests.xctest; sourceTree = BUILT_PRODUCTS_DIR; };
		1804FD7B20CAC4A200778F81 /* TwitterTimelineUITests.swift */ = {isa = PBXFileReference; lastKnownFileType = sourcecode.swift; path = TwitterTimelineUITests.swift; sourceTree = "<group>"; };
		1804FD7D20CAC4A200778F81 /* Info.plist */ = {isa = PBXFileReference; lastKnownFileType = text.plist.xml; path = Info.plist; sourceTree = "<group>"; };
		1804FD8920CAC55100778F81 /* Constants.swift */ = {isa = PBXFileReference; lastKnownFileType = sourcecode.swift; path = Constants.swift; sourceTree = "<group>"; };
		4CE2D762CAF14C3CC5A66ECB /* Pods-TwitterTimelineUITests.release.xcconfig */ = {isa = PBXFileReference; includeInIndex = 1; lastKnownFileType = text.xcconfig; name = "Pods-TwitterTimelineUITests.release.xcconfig"; path = "Pods/Target Support Files/Pods-TwitterTimelineUITests/Pods-TwitterTimelineUITests.release.xcconfig"; sourceTree = "<group>"; };
		7141CAEF696603445598298C /* Pods_TwitterTimelineTests.framework */ = {isa = PBXFileReference; explicitFileType = wrapper.framework; includeInIndex = 0; path = Pods_TwitterTimelineTests.framework; sourceTree = BUILT_PRODUCTS_DIR; };
		89EC36916640505570B2EC11 /* Pods-TwitterTimelineTests.debug.xcconfig */ = {isa = PBXFileReference; includeInIndex = 1; lastKnownFileType = text.xcconfig; name = "Pods-TwitterTimelineTests.debug.xcconfig"; path = "Pods/Target Support Files/Pods-TwitterTimelineTests/Pods-TwitterTimelineTests.debug.xcconfig"; sourceTree = "<group>"; };
		906097D2F1A58BBD8584AD43 /* Pods-TwitterTimelineTests.release.xcconfig */ = {isa = PBXFileReference; includeInIndex = 1; lastKnownFileType = text.xcconfig; name = "Pods-TwitterTimelineTests.release.xcconfig"; path = "Pods/Target Support Files/Pods-TwitterTimelineTests/Pods-TwitterTimelineTests.release.xcconfig"; sourceTree = "<group>"; };
		91620A4330E3DA61138981DE /* Pods_TwitterTimeline.framework */ = {isa = PBXFileReference; explicitFileType = wrapper.framework; includeInIndex = 0; path = Pods_TwitterTimeline.framework; sourceTree = BUILT_PRODUCTS_DIR; };
		97A6BA9750672BBC00BA558C /* Pods-TwitterTimelineUITests.debug.xcconfig */ = {isa = PBXFileReference; includeInIndex = 1; lastKnownFileType = text.xcconfig; name = "Pods-TwitterTimelineUITests.debug.xcconfig"; path = "Pods/Target Support Files/Pods-TwitterTimelineUITests/Pods-TwitterTimelineUITests.debug.xcconfig"; sourceTree = "<group>"; };
		A0D4BD0C61396D3A89E8641D /* Pods-TwitterTimeline.debug.xcconfig */ = {isa = PBXFileReference; includeInIndex = 1; lastKnownFileType = text.xcconfig; name = "Pods-TwitterTimeline.debug.xcconfig"; path = "Pods/Target Support Files/Pods-TwitterTimeline/Pods-TwitterTimeline.debug.xcconfig"; sourceTree = "<group>"; };
		B2B0700039EF6D4D9FCE81B7 /* Pods_TwitterTimelineUITests.framework */ = {isa = PBXFileReference; explicitFileType = wrapper.framework; includeInIndex = 0; path = Pods_TwitterTimelineUITests.framework; sourceTree = BUILT_PRODUCTS_DIR; };
		DB079C881048B98F760EE5ED /* Pods-TwitterTimeline.release.xcconfig */ = {isa = PBXFileReference; includeInIndex = 1; lastKnownFileType = text.xcconfig; name = "Pods-TwitterTimeline.release.xcconfig"; path = "Pods/Target Support Files/Pods-TwitterTimeline/Pods-TwitterTimeline.release.xcconfig"; sourceTree = "<group>"; };
/* End PBXFileReference section */

/* Begin PBXFrameworksBuildPhase section */
		1804FD5520CAC4A200778F81 /* Frameworks */ = {
			isa = PBXFrameworksBuildPhase;
			buildActionMask = 2147483647;
			files = (
				DC8398C68F4C4FBAA8BB4735 /* Pods_TwitterTimeline.framework in Frameworks */,
			);
			runOnlyForDeploymentPostprocessing = 0;
		};
		1804FD6920CAC4A200778F81 /* Frameworks */ = {
			isa = PBXFrameworksBuildPhase;
			buildActionMask = 2147483647;
			files = (
				8F137C146BECDB136C19C588 /* Pods_TwitterTimelineTests.framework in Frameworks */,
			);
			runOnlyForDeploymentPostprocessing = 0;
		};
		1804FD7420CAC4A200778F81 /* Frameworks */ = {
			isa = PBXFrameworksBuildPhase;
			buildActionMask = 2147483647;
			files = (
				49C7BD96BC905DB3809ED10E /* Pods_TwitterTimelineUITests.framework in Frameworks */,
			);
			runOnlyForDeploymentPostprocessing = 0;
		};
/* End PBXFrameworksBuildPhase section */

/* Begin PBXGroup section */
		1804FD4F20CAC4A200778F81 = {
			isa = PBXGroup;
			children = (
				1804FD5A20CAC4A200778F81 /* TwitterTimeline */,
				1804FD6F20CAC4A200778F81 /* TwitterTimelineTests */,
				1804FD7A20CAC4A200778F81 /* TwitterTimelineUITests */,
				1804FD5920CAC4A200778F81 /* Products */,
				B8E70170C86414700820F936 /* Pods */,
				D1839CAA2830CB629248D30B /* Frameworks */,
			);
			sourceTree = "<group>";
		};
		1804FD5920CAC4A200778F81 /* Products */ = {
			isa = PBXGroup;
			children = (
				1804FD5820CAC4A200778F81 /* TwitterTimeline.app */,
				1804FD6C20CAC4A200778F81 /* TwitterTimelineTests.xctest */,
				1804FD7720CAC4A200778F81 /* TwitterTimelineUITests.xctest */,
			);
			name = Products;
			sourceTree = "<group>";
		};
		1804FD5A20CAC4A200778F81 /* TwitterTimeline */ = {
			isa = PBXGroup;
			children = (
				1804FD5B20CAC4A200778F81 /* AppDelegate.swift */,
				1804FD5D20CAC4A200778F81 /* ViewController.swift */,
				1804FD5F20CAC4A200778F81 /* Main.storyboard */,
				1804FD6220CAC4A200778F81 /* Assets.xcassets */,
				1804FD6420CAC4A200778F81 /* LaunchScreen.storyboard */,
				1804FD6720CAC4A200778F81 /* Info.plist */,
				1804FD8920CAC55100778F81 /* Constants.swift */,
			);
			path = TwitterTimeline;
			sourceTree = "<group>";
		};
		1804FD6F20CAC4A200778F81 /* TwitterTimelineTests */ = {
			isa = PBXGroup;
			children = (
				1804FD7020CAC4A200778F81 /* TwitterTimelineTests.swift */,
				1804FD7220CAC4A200778F81 /* Info.plist */,
			);
			path = TwitterTimelineTests;
			sourceTree = "<group>";
		};
		1804FD7A20CAC4A200778F81 /* TwitterTimelineUITests */ = {
			isa = PBXGroup;
			children = (
				1804FD7B20CAC4A200778F81 /* TwitterTimelineUITests.swift */,
				1804FD7D20CAC4A200778F81 /* Info.plist */,
			);
			path = TwitterTimelineUITests;
			sourceTree = "<group>";
		};
		B8E70170C86414700820F936 /* Pods */ = {
			isa = PBXGroup;
			children = (
				A0D4BD0C61396D3A89E8641D /* Pods-TwitterTimeline.debug.xcconfig */,
				DB079C881048B98F760EE5ED /* Pods-TwitterTimeline.release.xcconfig */,
				89EC36916640505570B2EC11 /* Pods-TwitterTimelineTests.debug.xcconfig */,
				906097D2F1A58BBD8584AD43 /* Pods-TwitterTimelineTests.release.xcconfig */,
				97A6BA9750672BBC00BA558C /* Pods-TwitterTimelineUITests.debug.xcconfig */,
				4CE2D762CAF14C3CC5A66ECB /* Pods-TwitterTimelineUITests.release.xcconfig */,
			);
			name = Pods;
			sourceTree = "<group>";
		};
		D1839CAA2830CB629248D30B /* Frameworks */ = {
			isa = PBXGroup;
			children = (
				91620A4330E3DA61138981DE /* Pods_TwitterTimeline.framework */,
				7141CAEF696603445598298C /* Pods_TwitterTimelineTests.framework */,
				B2B0700039EF6D4D9FCE81B7 /* Pods_TwitterTimelineUITests.framework */,
			);
			name = Frameworks;
			sourceTree = "<group>";
		};
/* End PBXGroup section */

/* Begin PBXNativeTarget section */
		1804FD5720CAC4A200778F81 /* TwitterTimeline */ = {
			isa = PBXNativeTarget;
			buildConfigurationList = 1804FD8020CAC4A200778F81 /* Build configuration list for PBXNativeTarget "TwitterTimeline" */;
			buildPhases = (
				342D3C0693460A36500ECBD1 /* [CP] Check Pods Manifest.lock */,
				1804FD5420CAC4A200778F81 /* Sources */,
				1804FD5520CAC4A200778F81 /* Frameworks */,
				1804FD5620CAC4A200778F81 /* Resources */,
				FDAF7E1931229FB05D190133 /* [CP] Embed Pods Frameworks */,
				2C41685A81E042D229BB30C9 /* [CP] Copy Pods Resources */,
			);
			buildRules = (
			);
			dependencies = (
			);
			name = TwitterTimeline;
			productName = TwitterTimeline;
			productReference = 1804FD5820CAC4A200778F81 /* TwitterTimeline.app */;
			productType = "com.apple.product-type.application";
		};
		1804FD6B20CAC4A200778F81 /* TwitterTimelineTests */ = {
			isa = PBXNativeTarget;
			buildConfigurationList = 1804FD8320CAC4A200778F81 /* Build configuration list for PBXNativeTarget "TwitterTimelineTests" */;
			buildPhases = (
				D4A8C6147D961B0C8F90B833 /* [CP] Check Pods Manifest.lock */,
				1804FD6820CAC4A200778F81 /* Sources */,
				1804FD6920CAC4A200778F81 /* Frameworks */,
				1804FD6A20CAC4A200778F81 /* Resources */,
			);
			buildRules = (
			);
			dependencies = (
				1804FD6E20CAC4A200778F81 /* PBXTargetDependency */,
			);
			name = TwitterTimelineTests;
			productName = TwitterTimelineTests;
			productReference = 1804FD6C20CAC4A200778F81 /* TwitterTimelineTests.xctest */;
			productType = "com.apple.product-type.bundle.unit-test";
		};
		1804FD7620CAC4A200778F81 /* TwitterTimelineUITests */ = {
			isa = PBXNativeTarget;
			buildConfigurationList = 1804FD8620CAC4A200778F81 /* Build configuration list for PBXNativeTarget "TwitterTimelineUITests" */;
			buildPhases = (
				209C79F4B893FB2C4477384A /* [CP] Check Pods Manifest.lock */,
				1804FD7320CAC4A200778F81 /* Sources */,
				1804FD7420CAC4A200778F81 /* Frameworks */,
				1804FD7520CAC4A200778F81 /* Resources */,
			);
			buildRules = (
			);
			dependencies = (
				1804FD7920CAC4A200778F81 /* PBXTargetDependency */,
			);
			name = TwitterTimelineUITests;
			productName = TwitterTimelineUITests;
			productReference = 1804FD7720CAC4A200778F81 /* TwitterTimelineUITests.xctest */;
			productType = "com.apple.product-type.bundle.ui-testing";
		};
/* End PBXNativeTarget section */

/* Begin PBXProject section */
		1804FD5020CAC4A200778F81 /* Project object */ = {
			isa = PBXProject;
			attributes = {
				LastSwiftUpdateCheck = 0940;
				LastUpgradeCheck = 0940;
				ORGANIZATIONNAME = Rajesh;
				TargetAttributes = {
					1804FD5720CAC4A200778F81 = {
						CreatedOnToolsVersion = 9.4;
					};
					1804FD6B20CAC4A200778F81 = {
						CreatedOnToolsVersion = 9.4;
						TestTargetID = 1804FD5720CAC4A200778F81;
					};
					1804FD7620CAC4A200778F81 = {
						CreatedOnToolsVersion = 9.4;
						TestTargetID = 1804FD5720CAC4A200778F81;
					};
				};
			};
			buildConfigurationList = 1804FD5320CAC4A200778F81 /* Build configuration list for PBXProject "TwitterTimeline" */;
			compatibilityVersion = "Xcode 9.3";
			developmentRegion = en;
			hasScannedForEncodings = 0;
			knownRegions = (
				en,
				Base,
			);
			mainGroup = 1804FD4F20CAC4A200778F81;
			productRefGroup = 1804FD5920CAC4A200778F81 /* Products */;
			projectDirPath = "";
			projectRoot = "";
			targets = (
				1804FD5720CAC4A200778F81 /* TwitterTimeline */,
				1804FD6B20CAC4A200778F81 /* TwitterTimelineTests */,
				1804FD7620CAC4A200778F81 /* TwitterTimelineUITests */,
			);
		};
/* End PBXProject section */

/* Begin PBXResourcesBuildPhase section */
		1804FD5620CAC4A200778F81 /* Resources */ = {
			isa = PBXResourcesBuildPhase;
			buildActionMask = 2147483647;
			files = (
				1804FD6620CAC4A200778F81 /* LaunchScreen.storyboard in Resources */,
				1804FD6320CAC4A200778F81 /* Assets.xcassets in Resources */,
				1804FD6120CAC4A200778F81 /* Main.storyboard in Resources */,
			);
			runOnlyForDeploymentPostprocessing = 0;
		};
		1804FD6A20CAC4A200778F81 /* Resources */ = {
			isa = PBXResourcesBuildPhase;
			buildActionMask = 2147483647;
			files = (
			);
			runOnlyForDeploymentPostprocessing = 0;
		};
		1804FD7520CAC4A200778F81 /* Resources */ = {
			isa = PBXResourcesBuildPhase;
			buildActionMask = 2147483647;
			files = (
			);
			runOnlyForDeploymentPostprocessing = 0;
		};
/* End PBXResourcesBuildPhase section */

/* Begin PBXShellScriptBuildPhase section */
		209C79F4B893FB2C4477384A /* [CP] Check Pods Manifest.lock */ = {
			isa = PBXShellScriptBuildPhase;
			buildActionMask = 2147483647;
			files = (
			);
			inputPaths = (
				"${PODS_PODFILE_DIR_PATH}/Podfile.lock",
				"${PODS_ROOT}/Manifest.lock",
			);
			name = "[CP] Check Pods Manifest.lock";
			outputPaths = (
				"$(DERIVED_FILE_DIR)/Pods-TwitterTimelineUITests-checkManifestLockResult.txt",
			);
			runOnlyForDeploymentPostprocessing = 0;
			shellPath = /bin/sh;
			shellScript = "diff \"${PODS_PODFILE_DIR_PATH}/Podfile.lock\" \"${PODS_ROOT}/Manifest.lock\" > /dev/null\nif [ $? != 0 ] ; then\n    # print error to STDERR\n    echo \"error: The sandbox is not in sync with the Podfile.lock. Run 'pod install' or update your CocoaPods installation.\" >&2\n    exit 1\nfi\n# This output is used by Xcode 'outputs' to avoid re-running this script phase.\necho \"SUCCESS\" > \"${SCRIPT_OUTPUT_FILE_0}\"\n";
			showEnvVarsInLog = 0;
		};
		2C41685A81E042D229BB30C9 /* [CP] Copy Pods Resources */ = {
			isa = PBXShellScriptBuildPhase;
			buildActionMask = 2147483647;
			files = (
			);
			inputPaths = (
				"${SRCROOT}/Pods/Target Support Files/Pods-TwitterTimeline/Pods-TwitterTimeline-resources.sh",
				"${PODS_ROOT}/TwitterKit/iOS/TwitterKit.framework/TwitterKitResources.bundle",
				"${PODS_ROOT}/TwitterKit/iOS/TwitterKit.framework/TwitterShareExtensionUIResources.bundle",
			);
			name = "[CP] Copy Pods Resources";
			outputPaths = (
				"${TARGET_BUILD_DIR}/${UNLOCALIZED_RESOURCES_FOLDER_PATH}/TwitterKitResources.bundle",
				"${TARGET_BUILD_DIR}/${UNLOCALIZED_RESOURCES_FOLDER_PATH}/TwitterShareExtensionUIResources.bundle",
			);
			runOnlyForDeploymentPostprocessing = 0;
			shellPath = /bin/sh;
			shellScript = "\"${SRCROOT}/Pods/Target Support Files/Pods-TwitterTimeline/Pods-TwitterTimeline-resources.sh\"\n";
			showEnvVarsInLog = 0;
		};
		342D3C0693460A36500ECBD1 /* [CP] Check Pods Manifest.lock */ = {
			isa = PBXShellScriptBuildPhase;
			buildActionMask = 2147483647;
			files = (
			);
			inputPaths = (
				"${PODS_PODFILE_DIR_PATH}/Podfile.lock",
				"${PODS_ROOT}/Manifest.lock",
			);
			name = "[CP] Check Pods Manifest.lock";
			outputPaths = (
				"$(DERIVED_FILE_DIR)/Pods-TwitterTimeline-checkManifestLockResult.txt",
			);
			runOnlyForDeploymentPostprocessing = 0;
			shellPath = /bin/sh;
			shellScript = "diff \"${PODS_PODFILE_DIR_PATH}/Podfile.lock\" \"${PODS_ROOT}/Manifest.lock\" > /dev/null\nif [ $? != 0 ] ; then\n    # print error to STDERR\n    echo \"error: The sandbox is not in sync with the Podfile.lock. Run 'pod install' or update your CocoaPods installation.\" >&2\n    exit 1\nfi\n# This output is used by Xcode 'outputs' to avoid re-running this script phase.\necho \"SUCCESS\" > \"${SCRIPT_OUTPUT_FILE_0}\"\n";
			showEnvVarsInLog = 0;
		};
		D4A8C6147D961B0C8F90B833 /* [CP] Check Pods Manifest.lock */ = {
			isa = PBXShellScriptBuildPhase;
			buildActionMask = 2147483647;
			files = (
			);
			inputPaths = (
				"${PODS_PODFILE_DIR_PATH}/Podfile.lock",
				"${PODS_ROOT}/Manifest.lock",
			);
			name = "[CP] Check Pods Manifest.lock";
			outputPaths = (
				"$(DERIVED_FILE_DIR)/Pods-TwitterTimelineTests-checkManifestLockResult.txt",
			);
			runOnlyForDeploymentPostprocessing = 0;
			shellPath = /bin/sh;
			shellScript = "diff \"${PODS_PODFILE_DIR_PATH}/Podfile.lock\" \"${PODS_ROOT}/Manifest.lock\" > /dev/null\nif [ $? != 0 ] ; then\n    # print error to STDERR\n    echo \"error: The sandbox is not in sync with the Podfile.lock. Run 'pod install' or update your CocoaPods installation.\" >&2\n    exit 1\nfi\n# This output is used by Xcode 'outputs' to avoid re-running this script phase.\necho \"SUCCESS\" > \"${SCRIPT_OUTPUT_FILE_0}\"\n";
			showEnvVarsInLog = 0;
		};
		FDAF7E1931229FB05D190133 /* [CP] Embed Pods Frameworks */ = {
			isa = PBXShellScriptBuildPhase;
			buildActionMask = 2147483647;
			files = (
			);
			inputPaths = (
				"${SRCROOT}/Pods/Target Support Files/Pods-TwitterTimeline/Pods-TwitterTimeline-frameworks.sh",
				"${PODS_ROOT}/TwitterCore/iOS/TwitterCore.framework",
				"${PODS_ROOT}/TwitterKit/iOS/TwitterKit.framework",
			);
			name = "[CP] Embed Pods Frameworks";
			outputPaths = (
				"${TARGET_BUILD_DIR}/${FRAMEWORKS_FOLDER_PATH}/TwitterCore.framework",
				"${TARGET_BUILD_DIR}/${FRAMEWORKS_FOLDER_PATH}/TwitterKit.framework",
			);
			runOnlyForDeploymentPostprocessing = 0;
			shellPath = /bin/sh;
			shellScript = "\"${SRCROOT}/Pods/Target Support Files/Pods-TwitterTimeline/Pods-TwitterTimeline-frameworks.sh\"\n";
			showEnvVarsInLog = 0;
		};
/* End PBXShellScriptBuildPhase section */

/* Begin PBXSourcesBuildPhase section */
		1804FD5420CAC4A200778F81 /* Sources */ = {
			isa = PBXSourcesBuildPhase;
			buildActionMask = 2147483647;
			files = (
				1804FD5E20CAC4A200778F81 /* ViewController.swift in Sources */,
				1804FD5C20CAC4A200778F81 /* AppDelegate.swift in Sources */,
				1804FD8A20CAC55100778F81 /* Constants.swift in Sources */,
			);
			runOnlyForDeploymentPostprocessing = 0;
		};
		1804FD6820CAC4A200778F81 /* Sources */ = {
			isa = PBXSourcesBuildPhase;
			buildActionMask = 2147483647;
			files = (
				1804FD7120CAC4A200778F81 /* TwitterTimelineTests.swift in Sources */,
			);
			runOnlyForDeploymentPostprocessing = 0;
		};
		1804FD7320CAC4A200778F81 /* Sources */ = {
			isa = PBXSourcesBuildPhase;
			buildActionMask = 2147483647;
			files = (
				1804FD7C20CAC4A200778F81 /* TwitterTimelineUITests.swift in Sources */,
			);
			runOnlyForDeploymentPostprocessing = 0;
		};
/* End PBXSourcesBuildPhase section */

/* Begin PBXTargetDependency section */
		1804FD6E20CAC4A200778F81 /* PBXTargetDependency */ = {
			isa = PBXTargetDependency;
			target = 1804FD5720CAC4A200778F81 /* TwitterTimeline */;
			targetProxy = 1804FD6D20CAC4A200778F81 /* PBXContainerItemProxy */;
		};
		1804FD7920CAC4A200778F81 /* PBXTargetDependency */ = {
			isa = PBXTargetDependency;
			target = 1804FD5720CAC4A200778F81 /* TwitterTimeline */;
			targetProxy = 1804FD7820CAC4A200778F81 /* PBXContainerItemProxy */;
		};
/* End PBXTargetDependency section */

/* Begin PBXVariantGroup section */
		1804FD5F20CAC4A200778F81 /* Main.storyboard */ = {
			isa = PBXVariantGroup;
			children = (
				1804FD6020CAC4A200778F81 /* Base */,
			);
			name = Main.storyboard;
			sourceTree = "<group>";
		};
		1804FD6420CAC4A200778F81 /* LaunchScreen.storyboard */ = {
			isa = PBXVariantGroup;
			children = (
				1804FD6520CAC4A200778F81 /* Base */,
			);
			name = LaunchScreen.storyboard;
			sourceTree = "<group>";
		};
/* End PBXVariantGroup section */

/* Begin XCBuildConfiguration section */
		1804FD7E20CAC4A200778F81 /* Debug */ = {
			isa = XCBuildConfiguration;
			buildSettings = {
				ALWAYS_SEARCH_USER_PATHS = NO;
				CLANG_ANALYZER_NONNULL = YES;
				CLANG_ANALYZER_NUMBER_OBJECT_CONVERSION = YES_AGGRESSIVE;
				CLANG_CXX_LANGUAGE_STANDARD = "gnu++14";
				CLANG_CXX_LIBRARY = "libc++";
				CLANG_ENABLE_MODULES = YES;
				CLANG_ENABLE_OBJC_ARC = YES;
				CLANG_ENABLE_OBJC_WEAK = YES;
				CLANG_WARN_BLOCK_CAPTURE_AUTORELEASING = YES;
				CLANG_WARN_BOOL_CONVERSION = YES;
				CLANG_WARN_COMMA = YES;
				CLANG_WARN_CONSTANT_CONVERSION = YES;
				CLANG_WARN_DEPRECATED_OBJC_IMPLEMENTATIONS = YES;
				CLANG_WARN_DIRECT_OBJC_ISA_USAGE = YES_ERROR;
				CLANG_WARN_DOCUMENTATION_COMMENTS = YES;
				CLANG_WARN_EMPTY_BODY = YES;
				CLANG_WARN_ENUM_CONVERSION = YES;
				CLANG_WARN_INFINITE_RECURSION = YES;
				CLANG_WARN_INT_CONVERSION = YES;
				CLANG_WARN_NON_LITERAL_NULL_CONVERSION = YES;
				CLANG_WARN_OBJC_IMPLICIT_RETAIN_SELF = YES;
				CLANG_WARN_OBJC_LITERAL_CONVERSION = YES;
				CLANG_WARN_OBJC_ROOT_CLASS = YES_ERROR;
				CLANG_WARN_RANGE_LOOP_ANALYSIS = YES;
				CLANG_WARN_STRICT_PROTOTYPES = YES;
				CLANG_WARN_SUSPICIOUS_MOVE = YES;
				CLANG_WARN_UNGUARDED_AVAILABILITY = YES_AGGRESSIVE;
				CLANG_WARN_UNREACHABLE_CODE = YES;
				CLANG_WARN__DUPLICATE_METHOD_MATCH = YES;
				CODE_SIGN_IDENTITY = "iPhone Developer";
				COPY_PHASE_STRIP = NO;
				DEBUG_INFORMATION_FORMAT = dwarf;
				ENABLE_STRICT_OBJC_MSGSEND = YES;
				ENABLE_TESTABILITY = YES;
				GCC_C_LANGUAGE_STANDARD = gnu11;
				GCC_DYNAMIC_NO_PIC = NO;
				GCC_NO_COMMON_BLOCKS = YES;
				GCC_OPTIMIZATION_LEVEL = 0;
				GCC_PREPROCESSOR_DEFINITIONS = (
					"DEBUG=1",
					"$(inherited)",
				);
				GCC_WARN_64_TO_32_BIT_CONVERSION = YES;
				GCC_WARN_ABOUT_RETURN_TYPE = YES_ERROR;
				GCC_WARN_UNDECLARED_SELECTOR = YES;
				GCC_WARN_UNINITIALIZED_AUTOS = YES_AGGRESSIVE;
				GCC_WARN_UNUSED_FUNCTION = YES;
				GCC_WARN_UNUSED_VARIABLE = YES;
				IPHONEOS_DEPLOYMENT_TARGET = 11.4;
				MTL_ENABLE_DEBUG_INFO = YES;
				ONLY_ACTIVE_ARCH = YES;
				SDKROOT = iphoneos;
				SWIFT_ACTIVE_COMPILATION_CONDITIONS = DEBUG;
				SWIFT_OPTIMIZATION_LEVEL = "-Onone";
			};
			name = Debug;
		};
		1804FD7F20CAC4A200778F81 /* Release */ = {
			isa = XCBuildConfiguration;
			buildSettings = {
				ALWAYS_SEARCH_USER_PATHS = NO;
				CLANG_ANALYZER_NONNULL = YES;
				CLANG_ANALYZER_NUMBER_OBJECT_CONVERSION = YES_AGGRESSIVE;
				CLANG_CXX_LANGUAGE_STANDARD = "gnu++14";
				CLANG_CXX_LIBRARY = "libc++";
				CLANG_ENABLE_MODULES = YES;
				CLANG_ENABLE_OBJC_ARC = YES;
				CLANG_ENABLE_OBJC_WEAK = YES;
				CLANG_WARN_BLOCK_CAPTURE_AUTORELEASING = YES;
				CLANG_WARN_BOOL_CONVERSION = YES;
				CLANG_WARN_COMMA = YES;
				CLANG_WARN_CONSTANT_CONVERSION = YES;
				CLANG_WARN_DEPRECATED_OBJC_IMPLEMENTATIONS = YES;
				CLANG_WARN_DIRECT_OBJC_ISA_USAGE = YES_ERROR;
				CLANG_WARN_DOCUMENTATION_COMMENTS = YES;
				CLANG_WARN_EMPTY_BODY = YES;
				CLANG_WARN_ENUM_CONVERSION = YES;
				CLANG_WARN_INFINITE_RECURSION = YES;
				CLANG_WARN_INT_CONVERSION = YES;
				CLANG_WARN_NON_LITERAL_NULL_CONVERSION = YES;
				CLANG_WARN_OBJC_IMPLICIT_RETAIN_SELF = YES;
				CLANG_WARN_OBJC_LITERAL_CONVERSION = YES;
				CLANG_WARN_OBJC_ROOT_CLASS = YES_ERROR;
				CLANG_WARN_RANGE_LOOP_ANALYSIS = YES;
				CLANG_WARN_STRICT_PROTOTYPES = YES;
				CLANG_WARN_SUSPICIOUS_MOVE = YES;
				CLANG_WARN_UNGUARDED_AVAILABILITY = YES_AGGRESSIVE;
				CLANG_WARN_UNREACHABLE_CODE = YES;
				CLANG_WARN__DUPLICATE_METHOD_MATCH = YES;
				CODE_SIGN_IDENTITY = "iPhone Developer";
				COPY_PHASE_STRIP = NO;
				DEBUG_INFORMATION_FORMAT = "dwarf-with-dsym";
				ENABLE_NS_ASSERTIONS = NO;
				ENABLE_STRICT_OBJC_MSGSEND = YES;
				GCC_C_LANGUAGE_STANDARD = gnu11;
				GCC_NO_COMMON_BLOCKS = YES;
				GCC_WARN_64_TO_32_BIT_CONVERSION = YES;
				GCC_WARN_ABOUT_RETURN_TYPE = YES_ERROR;
				GCC_WARN_UNDECLARED_SELECTOR = YES;
				GCC_WARN_UNINITIALIZED_AUTOS = YES_AGGRESSIVE;
				GCC_WARN_UNUSED_FUNCTION = YES;
				GCC_WARN_UNUSED_VARIABLE = YES;
				IPHONEOS_DEPLOYMENT_TARGET = 11.4;
				MTL_ENABLE_DEBUG_INFO = NO;
				SDKROOT = iphoneos;
				SWIFT_COMPILATION_MODE = wholemodule;
				SWIFT_OPTIMIZATION_LEVEL = "-O";
				VALIDATE_PRODUCT = YES;
			};
			name = Release;
		};
		1804FD8120CAC4A200778F81 /* Debug */ = {
			isa = XCBuildConfiguration;
			baseConfigurationReference = A0D4BD0C61396D3A89E8641D /* Pods-TwitterTimeline.debug.xcconfig */;
			buildSettings = {
				ASSETCATALOG_COMPILER_APPICON_NAME = AppIcon;
				CODE_SIGN_STYLE = Manual;
				DEVELOPMENT_TEAM = "";
				INFOPLIST_FILE = TwitterTimeline/Info.plist;
				LD_RUNPATH_SEARCH_PATHS = (
					"$(inherited)",
					"@executable_path/Frameworks",
				);
				PRODUCT_BUNDLE_IDENTIFIER = com.demo.TwitterTimeline;
				PRODUCT_NAME = "$(TARGET_NAME)";
				PROVISIONING_PROFILE_SPECIFIER = "";
				SWIFT_VERSION = 4.0;
				TARGETED_DEVICE_FAMILY = "1,2";
			};
			name = Debug;
		};
		1804FD8220CAC4A200778F81 /* Release */ = {
			isa = XCBuildConfiguration;
			baseConfigurationReference = DB079C881048B98F760EE5ED /* Pods-TwitterTimeline.release.xcconfig */;
			buildSettings = {
				ASSETCATALOG_COMPILER_APPICON_NAME = AppIcon;
				CODE_SIGN_STYLE = Manual;
				DEVELOPMENT_TEAM = "";
				INFOPLIST_FILE = TwitterTimeline/Info.plist;
				LD_RUNPATH_SEARCH_PATHS = (
					"$(inherited)",
					"@executable_path/Frameworks",
				);
				PRODUCT_BUNDLE_IDENTIFIER = com.demo.TwitterTimeline;
				PRODUCT_NAME = "$(TARGET_NAME)";
				PROVISIONING_PROFILE_SPECIFIER = "";
				SWIFT_VERSION = 4.0;
				TARGETED_DEVICE_FAMILY = "1,2";
			};
			name = Release;
		};
		1804FD8420CAC4A200778F81 /* Debug */ = {
			isa = XCBuildConfiguration;
			baseConfigurationReference = 89EC36916640505570B2EC11 /* Pods-TwitterTimelineTests.debug.xcconfig */;
			buildSettings = {
				ALWAYS_EMBED_SWIFT_STANDARD_LIBRARIES = YES;
				BUNDLE_LOADER = "$(TEST_HOST)";
				CODE_SIGN_STYLE = Automatic;
				INFOPLIST_FILE = TwitterTimelineTests/Info.plist;
				LD_RUNPATH_SEARCH_PATHS = (
					"$(inherited)",
					"@executable_path/Frameworks",
					"@loader_path/Frameworks",
				);
				PRODUCT_BUNDLE_IDENTIFIER = com.demo.TwitterTimelineTests;
				PRODUCT_NAME = "$(TARGET_NAME)";
				SWIFT_VERSION = 4.0;
				TARGETED_DEVICE_FAMILY = "1,2";
				TEST_HOST = "$(BUILT_PRODUCTS_DIR)/TwitterTimeline.app/TwitterTimeline";
			};
			name = Debug;
		};
		1804FD8520CAC4A200778F81 /* Release */ = {
			isa = XCBuildConfiguration;
			baseConfigurationReference = 906097D2F1A58BBD8584AD43 /* Pods-TwitterTimelineTests.release.xcconfig */;
			buildSettings = {
				ALWAYS_EMBED_SWIFT_STANDARD_LIBRARIES = YES;
				BUNDLE_LOADER = "$(TEST_HOST)";
				CODE_SIGN_STYLE = Automatic;
				INFOPLIST_FILE = TwitterTimelineTests/Info.plist;
				LD_RUNPATH_SEARCH_PATHS = (
					"$(inherited)",
					"@executable_path/Frameworks",
					"@loader_path/Frameworks",
				);
				PRODUCT_BUNDLE_IDENTIFIER = com.demo.TwitterTimelineTests;
				PRODUCT_NAME = "$(TARGET_NAME)";
				SWIFT_VERSION = 4.0;
				TARGETED_DEVICE_FAMILY = "1,2";
				TEST_HOST = "$(BUILT_PRODUCTS_DIR)/TwitterTimeline.app/TwitterTimeline";
			};
			name = Release;
		};
		1804FD8720CAC4A200778F81 /* Debug */ = {
			isa = XCBuildConfiguration;
			baseConfigurationReference = 97A6BA9750672BBC00BA558C /* Pods-TwitterTimelineUITests.debug.xcconfig */;
			buildSettings = {
				ALWAYS_EMBED_SWIFT_STANDARD_LIBRARIES = YES;
				CODE_SIGN_STYLE = Automatic;
				INFOPLIST_FILE = TwitterTimelineUITests/Info.plist;
				LD_RUNPATH_SEARCH_PATHS = (
					"$(inherited)",
					"@executable_path/Frameworks",
					"@loader_path/Frameworks",
				);
				PRODUCT_BUNDLE_IDENTIFIER = com.demo.TwitterTimelineUITests;
				PRODUCT_NAME = "$(TARGET_NAME)";
				SWIFT_VERSION = 4.0;
				TARGETED_DEVICE_FAMILY = "1,2";
				TEST_TARGET_NAME = TwitterTimeline;
			};
			name = Debug;
		};
		1804FD8820CAC4A200778F81 /* Release */ = {
			isa = XCBuildConfiguration;
			baseConfigurationReference = 4CE2D762CAF14C3CC5A66ECB /* Pods-TwitterTimelineUITests.release.xcconfig */;
			buildSettings = {
				ALWAYS_EMBED_SWIFT_STANDARD_LIBRARIES = YES;
				CODE_SIGN_STYLE = Automatic;
				INFOPLIST_FILE = TwitterTimelineUITests/Info.plist;
				LD_RUNPATH_SEARCH_PATHS = (
					"$(inherited)",
					"@executable_path/Frameworks",
					"@loader_path/Frameworks",
				);
				PRODUCT_BUNDLE_IDENTIFIER = com.demo.TwitterTimelineUITests;
				PRODUCT_NAME = "$(TARGET_NAME)";
				SWIFT_VERSION = 4.0;
				TARGETED_DEVICE_FAMILY = "1,2";
				TEST_TARGET_NAME = TwitterTimeline;
			};
			name = Release;
		};
/* End XCBuildConfiguration section */

/* Begin XCConfigurationList section */
		1804FD5320CAC4A200778F81 /* Build configuration list for PBXProject "TwitterTimeline" */ = {
			isa = XCConfigurationList;
			buildConfigurations = (
				1804FD7E20CAC4A200778F81 /* Debug */,
				1804FD7F20CAC4A200778F81 /* Release */,
			);
			defaultConfigurationIsVisible = 0;
			defaultConfigurationName = Release;
		};
		1804FD8020CAC4A200778F81 /* Build configuration list for PBXNativeTarget "TwitterTimeline" */ = {
			isa = XCConfigurationList;
			buildConfigurations = (
				1804FD8120CAC4A200778F81 /* Debug */,
				1804FD8220CAC4A200778F81 /* Release */,
			);
			defaultConfigurationIsVisible = 0;
			defaultConfigurationName = Release;
		};
		1804FD8320CAC4A200778F81 /* Build configuration list for PBXNativeTarget "TwitterTimelineTests" */ = {
			isa = XCConfigurationList;
			buildConfigurations = (
				1804FD8420CAC4A200778F81 /* Debug */,
				1804FD8520CAC4A200778F81 /* Release */,
			);
			defaultConfigurationIsVisible = 0;
			defaultConfigurationName = Release;
		};
		1804FD8620CAC4A200778F81 /* Build configuration list for PBXNativeTarget "TwitterTimelineUITests" */ = {
			isa = XCConfigurationList;
			buildConfigurations = (
				1804FD8720CAC4A200778F81 /* Debug */,
				1804FD8820CAC4A200778F81 /* Release */,
			);
			defaultConfigurationIsVisible = 0;
			defaultConfigurationName = Release;
		};
/* End XCConfigurationList section */
	};
	rootObject = 1804FD5020CAC4A200778F81 /* Project object */;
}
